
Microsoft Visual Studio Solution File, Format Version 12.00
# Visual Studio Version 16
VisualStudioVersion = 16.0.31702.278
MinimumVisualStudioVersion = 10.0.40219.1
Project("{FAE04EC0-301F-11D3-BF4B-00C04F79EFBC}") = "unit 13.6.2", "unit 13.6.2\unit 13.6.2.csproj", "{E4F46FD1-AA71-4E56-807A-A49B6898C6C5}"
EndProject
Global
	GlobalSection(SolutionConfigurationPlatforms) = preSolution
		Debug|Any CPU = Debug|Any CPU
		Release|Any CPU = Release|Any CPU
	EndGlobalSection
	GlobalSection(ProjectConfigurationPlatforms) = postSolution
		{E4F46FD1-AA71-4E56-807A-A49B6898C6C5}.Debug|Any CPU.ActiveCfg = Debug|Any CPU
		{E4F46FD1-AA71-4E56-807A-A49B6898C6C5}.Debug|Any CPU.Build.0 = Debug|Any CPU
		{E4F46FD1-AA71-4E56-807A-A49B6898C6C5}.Release|Any CPU.ActiveCfg = Release|Any CPU
		{E4F46FD1-AA71-4E56-807A-A49B6898C6C5}.Release|Any CPU.Build.0 = Release|Any CPU
	EndGlobalSection
	GlobalSection(SolutionProperties) = preSolution
		HideSolutionNode = FALSE
	EndGlobalSection
	GlobalSection(ExtensibilityGlobals) = postSolution
		SolutionGuid = {5F9E13EE-826F-4C78-9D9E-691F47736E55}
	EndGlobalSection
EndGlobal
